# This file was autogenerated by Stack.
# You should not edit this file by hand.
# For more information, please see the documentation at:
#   https://docs.haskellstack.org/en/stable/lock_files

packages:
- completed:
    hackage: xmonad-contrib-0.13@sha256:1cb5740276a23dbbc45751c3e6a676862fd95c67fb20c5a586aa60efaba612f7,15069
    pantry-tree:
      size: 18449
      sha256: bd9cf3d707589e7503d190c20b2ff7199dfed9c9ffff709abdd500972d8f3621
  original:
    hackage: xmonad-contrib-0.13
- completed:
    hackage: X11-xft-0.3.1@sha256:3fc08ff4c419405f33905b160a1d405c60be801d3d1ace745ee5b7ca38531363,654
    pantry-tree:
      size: 325
      sha256: 107995822ae4183e9d9ef04b65d32b672b4a8f40e6f898d4094e4e2d5b564d85
  original:
    hackage: X11-xft-0.3.1
- completed:
    hackage: xmobar-0.24.5@sha256:c5321a7d675acb70c0d5a5fe260168f9b5abf2732f7e7997b51b3203779ed3b2,6094
    pantry-tree:
      size: 4280
      sha256: fc1378456f39ea3c4cdbb71a5d93e019a5b24abf04f0970e4a700c4bf4295007
  original:
    hackage: xmobar-0.24.5
snapshots:
- completed:
    size: 567342
    url: https://raw.githubusercontent.com/commercialhaskell/stackage-snapshots/master/lts/10/3.yaml
    sha256: b3d22b89ec630597ad007088e98aa1c8d04844b6c0f23970b513a2862e0b8f0a
  original: lts-10.3
